
Microsoft Visual Studio Solution File, Format Version 12.00
# Visual Studio Version 17
VisualStudioVersion = 17.13.35913.81
MinimumVisualStudioVersion = 10.0.40219.1
Project("{FAE04EC0-301F-11D3-BF4B-00C04F79EFBC}") = "AuctionAPI1.0", "AuctionAPI1.0\AuctionAPI1.0.csproj", "{857098BA-5CCC-47D1-94DF-FD26F431A305}"
EndProject
Project("{FAE04EC0-301F-11D3-BF4B-00C04F79EFBC}") = "AuctionAPI1._0.Tests", "AuctionAPI1._0.Tests\AuctionAPI1._0.Tests.csproj", "{6ECAC448-331E-4FC5-85AE-520719A213AF}"
EndProject
Global
	GlobalSection(SolutionConfigurationPlatforms) = preSolution
		Debug|Any CPU = Debug|Any CPU
		Release|Any CPU = Release|Any CPU
	EndGlobalSection
	GlobalSection(ProjectConfigurationPlatforms) = postSolution
		{857098BA-5CCC-47D1-94DF-FD26F431A305}.Debug|Any CPU.ActiveCfg = Debug|Any CPU
		{857098BA-5CCC-47D1-94DF-FD26F431A305}.Debug|Any CPU.Build.0 = Debug|Any CPU
		{857098BA-5CCC-47D1-94DF-FD26F431A305}.Release|Any CPU.ActiveCfg = Release|Any CPU
		{857098BA-5CCC-47D1-94DF-FD26F431A305}.Release|Any CPU.Build.0 = Release|Any CPU
		{6ECAC448-331E-4FC5-85AE-520719A213AF}.Debug|Any CPU.ActiveCfg = Debug|Any CPU
		{6ECAC448-331E-4FC5-85AE-520719A213AF}.Debug|Any CPU.Build.0 = Debug|Any CPU
		{6ECAC448-331E-4FC5-85AE-520719A213AF}.Release|Any CPU.ActiveCfg = Release|Any CPU
		{6ECAC448-331E-4FC5-85AE-520719A213AF}.Release|Any CPU.Build.0 = Release|Any CPU
	EndGlobalSection
	GlobalSection(SolutionProperties) = preSolution
		HideSolutionNode = FALSE
	EndGlobalSection
	GlobalSection(ExtensibilityGlobals) = postSolution
		SolutionGuid = {4F0A2330-1FE4-45F6-9C73-03DCC6814DC8}
	EndGlobalSection
EndGlobal
